// !$*UTF8*$!
{
	archiveVersion = 1;
	classes = {
	};
	objectVersion = 46;
	objects = {

/* Begin PBXBuildFile section */
		042C41F3B74832E10C20F61C /* Pods_ProfileView.framework in Frameworks */ = {isa = PBXBuildFile; fileRef = B7789C3482A7B44C4D8121C1 /* Pods_ProfileView.framework */; };
		CE82A0851ECCA03500B1745B /* ViewContainer.swift in Sources */ = {isa = PBXBuildFile; fileRef = CE82A0841ECCA03500B1745B /* ViewContainer.swift */; };
		CE82A0871ECCA05400B1745B /* ProfileViewController.swift in Sources */ = {isa = PBXBuildFile; fileRef = CE82A0861ECCA05400B1745B /* ProfileViewController.swift */; };
		CE82A0891ECCA08500B1745B /* OverView.swift in Sources */ = {isa = PBXBuildFile; fileRef = CE82A0881ECCA08500B1745B /* OverView.swift */; };
		CE82A08B1ECCA0A200B1745B /* Profile.swift in Sources */ = {isa = PBXBuildFile; fileRef = CE82A08A1ECCA0A200B1745B /* Profile.swift */; };
		CE82A08D1ECCA0B500B1745B /* SortCell.swift in Sources */ = {isa = PBXBuildFile; fileRef = CE82A08C1ECCA0B500B1745B /* SortCell.swift */; };
		CE82A08F1ECCA0CA00B1745B /* ProfileCellTableViewCell.swift in Sources */ = {isa = PBXBuildFile; fileRef = CE82A08E1ECCA0CA00B1745B /* ProfileCellTableViewCell.swift */; };
		CE82A0931ECCA4F800B1745B /* OverlayView in Resources */ = {isa = PBXBuildFile; fileRef = CE82A0921ECCA4F800B1745B /* OverlayView */; };
		CE82A09D1ECCBD1300B1745B /* Overlay.xib in Resources */ = {isa = PBXBuildFile; fileRef = CE82A09C1ECCBD1300B1745B /* Overlay.xib */; };
		CE82A09F1ECCBD2600B1745B /* Image in Resources */ = {isa = PBXBuildFile; fileRef = CE82A09E1ECCBD2600B1745B /* Image */; };
		CE82A0A11ECCBD9300B1745B /* GoogleService-Info.plist in Resources */ = {isa = PBXBuildFile; fileRef = CE82A0A01ECCBD9300B1745B /* GoogleService-Info.plist */; };
		CE82A0A51ECD3A3300B1745B /* KeyboardAvoiding in Resources */ = {isa = PBXBuildFile; fileRef = CE82A0A41ECD3A3300B1745B /* KeyboardAvoiding */; };
		CE82A0A71ECD42C200B1745B /* OverlayView.swift in Sources */ = {isa = PBXBuildFile; fileRef = CE82A0A61ECD42C200B1745B /* OverlayView.swift */; };
		CEFD15C31EC105B400201728 /* AppDelegate.swift in Sources */ = {isa = PBXBuildFile; fileRef = CEFD15C21EC105B400201728 /* AppDelegate.swift */; };
		CEFD15C51EC105B500201728 /* ViewController.swift in Sources */ = {isa = PBXBuildFile; fileRef = CEFD15C41EC105B500201728 /* ViewController.swift */; };
		CEFD15C81EC105B500201728 /* Main.storyboard in Resources */ = {isa = PBXBuildFile; fileRef = CEFD15C61EC105B500201728 /* Main.storyboard */; };
		CEFD15CA1EC105B500201728 /* Assets.xcassets in Resources */ = {isa = PBXBuildFile; fileRef = CEFD15C91EC105B500201728 /* Assets.xcassets */; };
		CEFD15CD1EC105B500201728 /* LaunchScreen.storyboard in Resources */ = {isa = PBXBuildFile; fileRef = CEFD15CB1EC105B500201728 /* LaunchScreen.storyboard */; };
/* End PBXBuildFile section */

/* Begin PBXFileReference section */
		49623AAE85500D43B16BA04F /* Pods-ProfileView.debug.xcconfig */ = {isa = PBXFileReference; includeInIndex = 1; lastKnownFileType = text.xcconfig; name = "Pods-ProfileView.debug.xcconfig"; path = "Pods/Target Support Files/Pods-ProfileView/Pods-ProfileView.debug.xcconfig"; sourceTree = "<group>"; };
		5F365909F1D33E460A2400FB /* Pods-ProfileView.release.xcconfig */ = {isa = PBXFileReference; includeInIndex = 1; lastKnownFileType = text.xcconfig; name = "Pods-ProfileView.release.xcconfig"; path = "Pods/Target Support Files/Pods-ProfileView/Pods-ProfileView.release.xcconfig"; sourceTree = "<group>"; };
		B7789C3482A7B44C4D8121C1 /* Pods_ProfileView.framework */ = {isa = PBXFileReference; explicitFileType = wrapper.framework; includeInIndex = 0; path = Pods_ProfileView.framework; sourceTree = BUILT_PRODUCTS_DIR; };
		CE82A0841ECCA03500B1745B /* ViewContainer.swift */ = {isa = PBXFileReference; fileEncoding = 4; lastKnownFileType = sourcecode.swift; path = ViewContainer.swift; sourceTree = "<group>"; };
		CE82A0861ECCA05400B1745B /* ProfileViewController.swift */ = {isa = PBXFileReference; fileEncoding = 4; lastKnownFileType = sourcecode.swift; path = ProfileViewController.swift; sourceTree = "<group>"; };
		CE82A0881ECCA08500B1745B /* OverView.swift */ = {isa = PBXFileReference; fileEncoding = 4; lastKnownFileType = sourcecode.swift; path = OverView.swift; sourceTree = "<group>"; };
		CE82A08A1ECCA0A200B1745B /* Profile.swift */ = {isa = PBXFileReference; fileEncoding = 4; lastKnownFileType = sourcecode.swift; path = Profile.swift; sourceTree = "<group>"; };
		CE82A08C1ECCA0B500B1745B /* SortCell.swift */ = {isa = PBXFileReference; fileEncoding = 4; lastKnownFileType = sourcecode.swift; path = SortCell.swift; sourceTree = "<group>"; };
		CE82A08E1ECCA0CA00B1745B /* ProfileCellTableViewCell.swift */ = {isa = PBXFileReference; fileEncoding = 4; lastKnownFileType = sourcecode.swift; path = ProfileCellTableViewCell.swift; sourceTree = "<group>"; };
		CE82A0921ECCA4F800B1745B /* OverlayView */ = {isa = PBXFileReference; lastKnownFileType = folder; name = OverlayView; path = ProfileView/OverlayView; sourceTree = "<group>"; };
		CE82A09C1ECCBD1300B1745B /* Overlay.xib */ = {isa = PBXFileReference; fileEncoding = 4; lastKnownFileType = file.xib; name = Overlay.xib; path = ProfileView/Overlay.xib; sourceTree = "<group>"; };
		CE82A09E1ECCBD2600B1745B /* Image */ = {isa = PBXFileReference; lastKnownFileType = folder; name = Image; path = ProfileView/Image; sourceTree = "<group>"; };
		CE82A0A01ECCBD9300B1745B /* GoogleService-Info.plist */ = {isa = PBXFileReference; fileEncoding = 4; lastKnownFileType = text.plist.xml; name = "GoogleService-Info.plist"; path = "../../Downloads/GoogleService-Info.plist"; sourceTree = "<group>"; };
		CE82A0A41ECD3A3300B1745B /* KeyboardAvoiding */ = {isa = PBXFileReference; lastKnownFileType = folder; path = KeyboardAvoiding; sourceTree = "<group>"; };
		CE82A0A61ECD42C200B1745B /* OverlayView.swift */ = {isa = PBXFileReference; fileEncoding = 4; lastKnownFileType = sourcecode.swift; name = OverlayView.swift; path = OverlayView/OverlayView.swift; sourceTree = "<group>"; };
		CEFD15BF1EC105B400201728 /* ProfileView.app */ = {isa = PBXFileReference; explicitFileType = wrapper.application; includeInIndex = 0; path = ProfileView.app; sourceTree = BUILT_PRODUCTS_DIR; };
		CEFD15C21EC105B400201728 /* AppDelegate.swift */ = {isa = PBXFileReference; lastKnownFileType = sourcecode.swift; path = AppDelegate.swift; sourceTree = "<group>"; };
		CEFD15C41EC105B500201728 /* ViewController.swift */ = {isa = PBXFileReference; lastKnownFileType = sourcecode.swift; path = ViewController.swift; sourceTree = "<group>"; };
		CEFD15C71EC105B500201728 /* Base */ = {isa = PBXFileReference; lastKnownFileType = file.storyboard; name = Base; path = Base.lproj/Main.storyboard; sourceTree = "<group>"; };
		CEFD15C91EC105B500201728 /* Assets.xcassets */ = {isa = PBXFileReference; lastKnownFileType = folder.assetcatalog; path = Assets.xcassets; sourceTree = "<group>"; };
		CEFD15CC1EC105B500201728 /* Base */ = {isa = PBXFileReference; lastKnownFileType = file.storyboard; name = Base; path = Base.lproj/LaunchScreen.storyboard; sourceTree = "<group>"; };
		CEFD15CE1EC105B500201728 /* Info.plist */ = {isa = PBXFileReference; lastKnownFileType = text.plist.xml; path = Info.plist; sourceTree = "<group>"; };
/* End PBXFileReference section */

/* Begin PBXFrameworksBuildPhase section */
		CEFD15BC1EC105B400201728 /* Frameworks */ = {
			isa = PBXFrameworksBuildPhase;
			buildActionMask = 2147483647;
			files = (
				042C41F3B74832E10C20F61C /* Pods_ProfileView.framework in Frameworks */,
			);
			runOnlyForDeploymentPostprocessing = 0;
		};
/* End PBXFrameworksBuildPhase section */

/* Begin PBXGroup section */
		336F3180DF7D2F1F95F2EF12 /* Frameworks */ = {
			isa = PBXGroup;
			children = (
				B7789C3482A7B44C4D8121C1 /* Pods_ProfileView.framework */,
			);
			name = Frameworks;
			sourceTree = "<group>";
		};
		CEFD15B61EC105B400201728 = {
			isa = PBXGroup;
			children = (
				CE82A0A41ECD3A3300B1745B /* KeyboardAvoiding */,
				CE82A0A01ECCBD9300B1745B /* GoogleService-Info.plist */,
				CE82A09E1ECCBD2600B1745B /* Image */,
				CE82A09C1ECCBD1300B1745B /* Overlay.xib */,
				CE82A0921ECCA4F800B1745B /* OverlayView */,
				CEFD15C11EC105B400201728 /* ProfileView */,
				CEFD15C01EC105B400201728 /* Products */,
				E41475D2DDE4E6E3FACE08F2 /* Pods */,
				336F3180DF7D2F1F95F2EF12 /* Frameworks */,
			);
			sourceTree = "<group>";
		};
		CEFD15C01EC105B400201728 /* Products */ = {
			isa = PBXGroup;
			children = (
				CEFD15BF1EC105B400201728 /* ProfileView.app */,
			);
			name = Products;
			sourceTree = "<group>";
		};
		CEFD15C11EC105B400201728 /* ProfileView */ = {
			isa = PBXGroup;
			children = (
				CEFD15C21EC105B400201728 /* AppDelegate.swift */,
				CEFD15C41EC105B500201728 /* ViewController.swift */,
				CE82A0A61ECD42C200B1745B /* OverlayView.swift */,
				CEFD15C61EC105B500201728 /* Main.storyboard */,
				CE82A0841ECCA03500B1745B /* ViewContainer.swift */,
				CE82A0861ECCA05400B1745B /* ProfileViewController.swift */,
				CE82A0881ECCA08500B1745B /* OverView.swift */,
				CE82A08A1ECCA0A200B1745B /* Profile.swift */,
				CE82A08C1ECCA0B500B1745B /* SortCell.swift */,
				CE82A08E1ECCA0CA00B1745B /* ProfileCellTableViewCell.swift */,
				CEFD15C91EC105B500201728 /* Assets.xcassets */,
				CEFD15CB1EC105B500201728 /* LaunchScreen.storyboard */,
				CEFD15CE1EC105B500201728 /* Info.plist */,
			);
			path = ProfileView;
			sourceTree = "<group>";
		};
		E41475D2DDE4E6E3FACE08F2 /* Pods */ = {
			isa = PBXGroup;
			children = (
				49623AAE85500D43B16BA04F /* Pods-ProfileView.debug.xcconfig */,
				5F365909F1D33E460A2400FB /* Pods-ProfileView.release.xcconfig */,
			);
			name = Pods;
			sourceTree = "<group>";
		};
/* End PBXGroup section */

/* Begin PBXNativeTarget section */
		CEFD15BE1EC105B400201728 /* ProfileView */ = {
			isa = PBXNativeTarget;
			buildConfigurationList = CEFD15D11EC105B500201728 /* Build configuration list for PBXNativeTarget "ProfileView" */;
			buildPhases = (
				552D7E7F9AAFBA97E9C00D61 /* [CP] Check Pods Manifest.lock */,
				CEFD15BB1EC105B400201728 /* Sources */,
				CEFD15BC1EC105B400201728 /* Frameworks */,
				CEFD15BD1EC105B400201728 /* Resources */,
				5BDB9FB60A975C4A6E3382BF /* [CP] Embed Pods Frameworks */,
				3B610081A26DA01D1F5B132C /* [CP] Copy Pods Resources */,
			);
			buildRules = (
			);
			dependencies = (
			);
			name = ProfileView;
			productName = ProfileView;
			productReference = CEFD15BF1EC105B400201728 /* ProfileView.app */;
			productType = "com.apple.product-type.application";
		};
/* End PBXNativeTarget section */

/* Begin PBXProject section */
		CEFD15B71EC105B400201728 /* Project object */ = {
			isa = PBXProject;
			attributes = {
				LastSwiftUpdateCheck = 0820;
				LastUpgradeCheck = 0820;
				ORGANIZATIONNAME = User;
				TargetAttributes = {
					CEFD15BE1EC105B400201728 = {
						CreatedOnToolsVersion = 8.2.1;
						DevelopmentTeam = 28W3A7MES8;
						ProvisioningStyle = Automatic;
					};
				};
			};
			buildConfigurationList = CEFD15BA1EC105B400201728 /* Build configuration list for PBXProject "ProfileView" */;
			compatibilityVersion = "Xcode 3.2";
			developmentRegion = English;
			hasScannedForEncodings = 0;
			knownRegions = (
				en,
				Base,
			);
			mainGroup = CEFD15B61EC105B400201728;
			productRefGroup = CEFD15C01EC105B400201728 /* Products */;
			projectDirPath = "";
			projectRoot = "";
			targets = (
				CEFD15BE1EC105B400201728 /* ProfileView */,
			);
		};
/* End PBXProject section */

/* Begin PBXResourcesBuildPhase section */
		CEFD15BD1EC105B400201728 /* Resources */ = {
			isa = PBXResourcesBuildPhase;
			buildActionMask = 2147483647;
			files = (
				CE82A09D1ECCBD1300B1745B /* Overlay.xib in Resources */,
				CE82A0A11ECCBD9300B1745B /* GoogleService-Info.plist in Resources */,
				CE82A0A51ECD3A3300B1745B /* KeyboardAvoiding in Resources */,
				CE82A0931ECCA4F800B1745B /* OverlayView in Resources */,
				CEFD15CD1EC105B500201728 /* LaunchScreen.storyboard in Resources */,
				CEFD15CA1EC105B500201728 /* Assets.xcassets in Resources */,
				CEFD15C81EC105B500201728 /* Main.storyboard in Resources */,
				CE82A09F1ECCBD2600B1745B /* Image in Resources */,
			);
			runOnlyForDeploymentPostprocessing = 0;
		};
/* End PBXResourcesBuildPhase section */

/* Begin PBXShellScriptBuildPhase section */
		3B610081A26DA01D1F5B132C /* [CP] Copy Pods Resources */ = {
			isa = PBXShellScriptBuildPhase;
			buildActionMask = 2147483647;
			files = (
			);
			inputPaths = (
			);
			name = "[CP] Copy Pods Resources";
			outputPaths = (
			);
			runOnlyForDeploymentPostprocessing = 0;
			shellPath = /bin/sh;
			shellScript = "\"${SRCROOT}/Pods/Target Support Files/Pods-ProfileView/Pods-ProfileView-resources.sh\"\n";
			showEnvVarsInLog = 0;
		};
		552D7E7F9AAFBA97E9C00D61 /* [CP] Check Pods Manifest.lock */ = {
			isa = PBXShellScriptBuildPhase;
			buildActionMask = 2147483647;
			files = (
			);
			inputPaths = (
			);
			name = "[CP] Check Pods Manifest.lock";
			outputPaths = (
			);
			runOnlyForDeploymentPostprocessing = 0;
			shellPath = /bin/sh;
			shellScript = "diff \"${PODS_PODFILE_DIR_PATH}/Podfile.lock\" \"${PODS_ROOT}/Manifest.lock\" > /dev/null\nif [ $? != 0 ] ; then\n    # print error to STDERR\n    echo \"error: The sandbox is not in sync with the Podfile.lock. Run 'pod install' or update your CocoaPods installation.\" >&2\n    exit 1\nfi\n";
			showEnvVarsInLog = 0;
		};
		5BDB9FB60A975C4A6E3382BF /* [CP] Embed Pods Frameworks */ = {
			isa = PBXShellScriptBuildPhase;
			buildActionMask = 2147483647;
			files = (
			);
			inputPaths = (
			);
			name = "[CP] Embed Pods Frameworks";
			outputPaths = (
			);
			runOnlyForDeploymentPostprocessing = 0;
			shellPath = /bin/sh;
			shellScript = "\"${SRCROOT}/Pods/Target Support Files/Pods-ProfileView/Pods-ProfileView-frameworks.sh\"\n";
			showEnvVarsInLog = 0;
		};
/* End PBXShellScriptBuildPhase section */

/* Begin PBXSourcesBuildPhase section */
		CEFD15BB1EC105B400201728 /* Sources */ = {
			isa = PBXSourcesBuildPhase;
			buildActionMask = 2147483647;
			files = (
				CE82A0A71ECD42C200B1745B /* OverlayView.swift in Sources */,
				CE82A08D1ECCA0B500B1745B /* SortCell.swift in Sources */,
				CEFD15C51EC105B500201728 /* ViewController.swift in Sources */,
				CE82A08B1ECCA0A200B1745B /* Profile.swift in Sources */,
				CE82A0851ECCA03500B1745B /* ViewContainer.swift in Sources */,
				CE82A0891ECCA08500B1745B /* OverView.swift in Sources */,
				CE82A08F1ECCA0CA00B1745B /* ProfileCellTableViewCell.swift in Sources */,
				CE82A0871ECCA05400B1745B /* ProfileViewController.swift in Sources */,
				CEFD15C31EC105B400201728 /* AppDelegate.swift in Sources */,
			);
			runOnlyForDeploymentPostprocessing = 0;
		};
/* End PBXSourcesBuildPhase section */

/* Begin PBXVariantGroup section */
		CEFD15C61EC105B500201728 /* Main.storyboard */ = {
			isa = PBXVariantGroup;
			children = (
				CEFD15C71EC105B500201728 /* Base */,
			);
			name = Main.storyboard;
			sourceTree = "<group>";
		};
		CEFD15CB1EC105B500201728 /* LaunchScreen.storyboard */ = {
			isa = PBXVariantGroup;
			children = (
				CEFD15CC1EC105B500201728 /* Base */,
			);
			name = LaunchScreen.storyboard;
			sourceTree = "<group>";
		};
/* End PBXVariantGroup section */

/* Begin XCBuildConfiguration section */
		CEFD15CF1EC105B500201728 /* Debug */ = {
			isa = XCBuildConfiguration;
			buildSettings = {
				ALWAYS_SEARCH_USER_PATHS = NO;
				CLANG_ANALYZER_NONNULL = YES;
				CLANG_CXX_LANGUAGE_STANDARD = "gnu++0x";
				CLANG_CXX_LIBRARY = "libc++";
				CLANG_ENABLE_MODULES = YES;
				CLANG_ENABLE_OBJC_ARC = YES;
				CLANG_WARN_BOOL_CONVERSION = YES;
				CLANG_WARN_CONSTANT_CONVERSION = YES;
				CLANG_WARN_DIRECT_OBJC_ISA_USAGE = YES_ERROR;
				CLANG_WARN_DOCUMENTATION_COMMENTS = YES;
				CLANG_WARN_EMPTY_BODY = YES;
				CLANG_WARN_ENUM_CONVERSION = YES;
				CLANG_WARN_INFINITE_RECURSION = YES;
				CLANG_WARN_INT_CONVERSION = YES;
				CLANG_WARN_OBJC_ROOT_CLASS = YES_ERROR;
				CLANG_WARN_SUSPICIOUS_MOVE = YES;
				CLANG_WARN_UNREACHABLE_CODE = YES;
				CLANG_WARN__DUPLICATE_METHOD_MATCH = YES;
				"CODE_SIGN_IDENTITY[sdk=iphoneos*]" = "iPhone Developer";
				COPY_PHASE_STRIP = NO;
				DEBUG_INFORMATION_FORMAT = dwarf;
				ENABLE_STRICT_OBJC_MSGSEND = YES;
				ENABLE_TESTABILITY = YES;
				GCC_C_LANGUAGE_STANDARD = gnu99;
				GCC_DYNAMIC_NO_PIC = NO;
				GCC_NO_COMMON_BLOCKS = YES;
				GCC_OPTIMIZATION_LEVEL = 0;
				GCC_PREPROCESSOR_DEFINITIONS = (
					"DEBUG=1",
					"$(inherited)",
				);
				GCC_WARN_64_TO_32_BIT_CONVERSION = YES;
				GCC_WARN_ABOUT_RETURN_TYPE = YES_ERROR;
				GCC_WARN_UNDECLARED_SELECTOR = YES;
				GCC_WARN_UNINITIALIZED_AUTOS = YES_AGGRESSIVE;
				GCC_WARN_UNUSED_FUNCTION = YES;
				GCC_WARN_UNUSED_VARIABLE = YES;
				IPHONEOS_DEPLOYMENT_TARGET = 10.2;
				MTL_ENABLE_DEBUG_INFO = YES;
				ONLY_ACTIVE_ARCH = YES;
				SDKROOT = iphoneos;
				SWIFT_ACTIVE_COMPILATION_CONDITIONS = DEBUG;
				SWIFT_OPTIMIZATION_LEVEL = "-Onone";
			};
			name = Debug;
		};
		CEFD15D01EC105B500201728 /* Release */ = {
			isa = XCBuildConfiguration;
			buildSettings = {
				ALWAYS_SEARCH_USER_PATHS = NO;
				CLANG_ANALYZER_NONNULL = YES;
				CLANG_CXX_LANGUAGE_STANDARD = "gnu++0x";
				CLANG_CXX_LIBRARY = "libc++";
				CLANG_ENABLE_MODULES = YES;
				CLANG_ENABLE_OBJC_ARC = YES;
				CLANG_WARN_BOOL_CONVERSION = YES;
				CLANG_WARN_CONSTANT_CONVERSION = YES;
				CLANG_WARN_DIRECT_OBJC_ISA_USAGE = YES_ERROR;
				CLANG_WARN_DOCUMENTATION_COMMENTS = YES;
				CLANG_WARN_EMPTY_BODY = YES;
				CLANG_WARN_ENUM_CONVERSION = YES;
				CLANG_WARN_INFINITE_RECURSION = YES;
				CLANG_WARN_INT_CONVERSION = YES;
				CLANG_WARN_OBJC_ROOT_CLASS = YES_ERROR;
				CLANG_WARN_SUSPICIOUS_MOVE = YES;
				CLANG_WARN_UNREACHABLE_CODE = YES;
				CLANG_WARN__DUPLICATE_METHOD_MATCH = YES;
				"CODE_SIGN_IDENTITY[sdk=iphoneos*]" = "iPhone Developer";
				COPY_PHASE_STRIP = NO;
				DEBUG_INFORMATION_FORMAT = "dwarf-with-dsym";
				ENABLE_NS_ASSERTIONS = NO;
				ENABLE_STRICT_OBJC_MSGSEND = YES;
				GCC_C_LANGUAGE_STANDARD = gnu99;
				GCC_NO_COMMON_BLOCKS = YES;
				GCC_WARN_64_TO_32_BIT_CONVERSION = YES;
				GCC_WARN_ABOUT_RETURN_TYPE = YES_ERROR;
				GCC_WARN_UNDECLARED_SELECTOR = YES;
				GCC_WARN_UNINITIALIZED_AUTOS = YES_AGGRESSIVE;
				GCC_WARN_UNUSED_FUNCTION = YES;
				GCC_WARN_UNUSED_VARIABLE = YES;
				IPHONEOS_DEPLOYMENT_TARGET = 10.2;
				MTL_ENABLE_DEBUG_INFO = NO;
				SDKROOT = iphoneos;
				SWIFT_OPTIMIZATION_LEVEL = "-Owholemodule";
				VALIDATE_PRODUCT = YES;
			};
			name = Release;
		};
		CEFD15D21EC105B500201728 /* Debug */ = {
			isa = XCBuildConfiguration;
			baseConfigurationReference = 49623AAE85500D43B16BA04F /* Pods-ProfileView.debug.xcconfig */;
			buildSettings = {
				ASSETCATALOG_COMPILER_APPICON_NAME = AppIcon;
				DEVELOPMENT_TEAM = 28W3A7MES8;
				INFOPLIST_FILE = ProfileView/Info.plist;
				LD_RUNPATH_SEARCH_PATHS = "$(inherited) @executable_path/Frameworks";
				PRODUCT_BUNDLE_IDENTIFIER = myapp.ProfileView;
				PRODUCT_NAME = "$(TARGET_NAME)";
				SWIFT_VERSION = 3.0;
			};
			name = Debug;
		};
		CEFD15D31EC105B500201728 /* Release */ = {
			isa = XCBuildConfiguration;
			baseConfigurationReference = 5F365909F1D33E460A2400FB /* Pods-ProfileView.release.xcconfig */;
			buildSettings = {
				ASSETCATALOG_COMPILER_APPICON_NAME = AppIcon;
				DEVELOPMENT_TEAM = 28W3A7MES8;
				INFOPLIST_FILE = ProfileView/Info.plist;
				LD_RUNPATH_SEARCH_PATHS = "$(inherited) @executable_path/Frameworks";
				PRODUCT_BUNDLE_IDENTIFIER = myapp.ProfileView;
				PRODUCT_NAME = "$(TARGET_NAME)";
				SWIFT_VERSION = 3.0;
			};
			name = Release;
		};
/* End XCBuildConfiguration section */

/* Begin XCConfigurationList section */
		CEFD15BA1EC105B400201728 /* Build configuration list for PBXProject "ProfileView" */ = {
			isa = XCConfigurationList;
			buildConfigurations = (
				CEFD15CF1EC105B500201728 /* Debug */,
				CEFD15D01EC105B500201728 /* Release */,
			);
			defaultConfigurationIsVisible = 0;
			defaultConfigurationName = Release;
		};
		CEFD15D11EC105B500201728 /* Build configuration list for PBXNativeTarget "ProfileView" */ = {
			isa = XCConfigurationList;
			buildConfigurations = (
				CEFD15D21EC105B500201728 /* Debug */,
				CEFD15D31EC105B500201728 /* Release */,
			);
			defaultConfigurationIsVisible = 0;
			defaultConfigurationName = Release;
		};
/* End XCConfigurationList section */
	};
	rootObject = CEFD15B71EC105B400201728 /* Project object */;
}
