// !$*UTF8*$!
{
	archiveVersion = 1;
	classes = {
	};
	objectVersion = 46;
	objects = {

/* Begin PBXBuildFile section */
		CEFD15C31EC105B400201728 /* AppDelegate.swift in Sources */ = {isa = PBXBuildFile; fileRef = CEFD15C21EC105B400201728 /* AppDelegate.swift */; };
		CEFD15C51EC105B500201728 /* ViewController.swift in Sources */ = {isa = PBXBuildFile; fileRef = CEFD15C41EC105B500201728 /* ViewController.swift */; };
		CEFD15C81EC105B500201728 /* Main.storyboard in Resources */ = {isa = PBXBuildFile; fileRef = CEFD15C61EC105B500201728 /* Main.storyboard */; };
		CEFD15CA1EC105B500201728 /* Assets.xcassets in Resources */ = {isa = PBXBuildFile; fileRef = CEFD15C91EC105B500201728 /* Assets.xcassets */; };
		CEFD15CD1EC105B500201728 /* LaunchScreen.storyboard in Resources */ = {isa = PBXBuildFile; fileRef = CEFD15CB1EC105B500201728 /* LaunchScreen.storyboard */; };
/* End PBXBuildFile section */

/* Begin PBXFileReference section */
		CEFD15BF1EC105B400201728 /* ProfileView.app */ = {isa = PBXFileReference; explicitFileType = wrapper.application; includeInIndex = 0; path = ProfileView.app; sourceTree = BUILT_PRODUCTS_DIR; };
		CEFD15C21EC105B400201728 /* AppDelegate.swift */ = {isa = PBXFileReference; lastKnownFileType = sourcecode.swift; path = AppDelegate.swift; sourceTree = "<group>"; };
		CEFD15C41EC105B500201728 /* ViewController.swift */ = {isa = PBXFileReference; lastKnownFileType = sourcecode.swift; path = ViewController.swift; sourceTree = "<group>"; };
		CEFD15C71EC105B500201728 /* Base */ = {isa = PBXFileReference; lastKnownFileType = file.storyboard; name = Base; path = Base.lproj/Main.storyboard; sourceTree = "<group>"; };
		CEFD15C91EC105B500201728 /* Assets.xcassets */ = {isa = PBXFileReference; lastKnownFileType = folder.assetcatalog; path = Assets.xcassets; sourceTree = "<group>"; };
		CEFD15CC1EC105B500201728 /* Base */ = {isa = PBXFileReference; lastKnownFileType = file.storyboard; name = Base; path = Base.lproj/LaunchScreen.storyboard; sourceTree = "<group>"; };
		CEFD15CE1EC105B500201728 /* Info.plist */ = {isa = PBXFileReference; lastKnownFileType = text.plist.xml; path = Info.plist; sourceTree = "<group>"; };
/* End PBXFileReference section */

/* Begin PBXFrameworksBuildPhase section */
		CEFD15BC1EC105B400201728 /* Frameworks */ = {
			isa = PBXFrameworksBuildPhase;
			buildActionMask = 2147483647;
			files = (
			);
			runOnlyForDeploymentPostprocessing = 0;
		};
/* End PBXFrameworksBuildPhase section */

/* Begin PBXGroup section */
		CEFD15B61EC105B400201728 = {
			isa = PBXGroup;
			children = (
				CEFD15C11EC105B400201728 /* ProfileView */,
				CEFD15C01EC105B400201728 /* Products */,
			);
			sourceTree = "<group>";
		};
		CEFD15C01EC105B400201728 /* Products */ = {
			isa = PBXGroup;
			children = (
				CEFD15BF1EC105B400201728 /* ProfileView.app */,
			);
			name = Products;
			sourceTree = "<group>";
		};
		CEFD15C11EC105B400201728 /* ProfileView */ = {
			isa = PBXGroup;
			children = (
				CEFD15C21EC105B400201728 /* AppDelegate.swift */,
				CEFD15C41EC105B500201728 /* ViewController.swift */,
				CEFD15C61EC105B500201728 /* Main.storyboard */,
				CEFD15C91EC105B500201728 /* Assets.xcassets */,
				CEFD15CB1EC105B500201728 /* LaunchScreen.storyboard */,
				CEFD15CE1EC105B500201728 /* Info.plist */,
			);
			path = ProfileView;
			sourceTree = "<group>";
		};
/* End PBXGroup section */

/* Begin PBXNativeTarget section */
		CEFD15BE1EC105B400201728 /* ProfileView */ = {
			isa = PBXNativeTarget;
			buildConfigurationList = CEFD15D11EC105B500201728 /* Build configuration list for PBXNativeTarget "ProfileView" */;
			buildPhases = (
				CEFD15BB1EC105B400201728 /* Sources */,
				CEFD15BC1EC105B400201728 /* Frameworks */,
				CEFD15BD1EC105B400201728 /* Resources */,
			);
			buildRules = (
			);
			dependencies = (
			);
			name = ProfileView;
			productName = ProfileView;
			productReference = CEFD15BF1EC105B400201728 /* ProfileView.app */;
			productType = "com.apple.product-type.application";
		};
/* End PBXNativeTarget section */

/* Begin PBXProject section */
		CEFD15B71EC105B400201728 /* Project object */ = {
			isa = PBXProject;
			attributes = {
				LastSwiftUpdateCheck = 0820;
				LastUpgradeCheck = 0820;
				ORGANIZATIONNAME = User;
				TargetAttributes = {
					CEFD15BE1EC105B400201728 = {
						CreatedOnToolsVersion = 8.2.1;
						DevelopmentTeam = 28W3A7MES8;
						ProvisioningStyle = Automatic;
					};
				};
			};
			buildConfigurationList = CEFD15BA1EC105B400201728 /* Build configuration list for PBXProject "ProfileView" */;
			compatibilityVersion = "Xcode 3.2";
			developmentRegion = English;
			hasScannedForEncodings = 0;
			knownRegions = (
				en,
				Base,
			);
			mainGroup = CEFD15B61EC105B400201728;
			productRefGroup = CEFD15C01EC105B400201728 /* Products */;
			projectDirPath = "";
			projectRoot = "";
			targets = (
				CEFD15BE1EC105B400201728 /* ProfileView */,
			);
		};
/* End PBXProject section */

/* Begin PBXResourcesBuildPhase section */
		CEFD15BD1EC105B400201728 /* Resources */ = {
			isa = PBXResourcesBuildPhase;
			buildActionMask = 2147483647;
			files = (
				CEFD15CD1EC105B500201728 /* LaunchScreen.storyboard in Resources */,
				CEFD15CA1EC105B500201728 /* Assets.xcassets in Resources */,
				CEFD15C81EC105B500201728 /* Main.storyboard in Resources */,
			);
			runOnlyForDeploymentPostprocessing = 0;
		};
/* End PBXResourcesBuildPhase section */

/* Begin PBXSourcesBuildPhase section */
		CEFD15BB1EC105B400201728 /* Sources */ = {
			isa = PBXSourcesBuildPhase;
			buildActionMask = 2147483647;
			files = (
				CEFD15C51EC105B500201728 /* ViewController.swift in Sources */,
				CEFD15C31EC105B400201728 /* AppDelegate.swift in Sources */,
			);
			runOnlyForDeploymentPostprocessing = 0;
		};
/* End PBXSourcesBuildPhase section */

/* Begin PBXVariantGroup section */
		CEFD15C61EC105B500201728 /* Main.storyboard */ = {
			isa = PBXVariantGroup;
			children = (
				CEFD15C71EC105B500201728 /* Base */,
			);
			name = Main.storyboard;
			sourceTree = "<group>";
		};
		CEFD15CB1EC105B500201728 /* LaunchScreen.storyboard */ = {
			isa = PBXVariantGroup;
			children = (
				CEFD15CC1EC105B500201728 /* Base */,
			);
			name = LaunchScreen.storyboard;
			sourceTree = "<group>";
		};
/* End PBXVariantGroup section */

/* Begin XCBuildConfiguration section */
		CEFD15CF1EC105B500201728 /* Debug */ = {
			isa = XCBuildConfiguration;
			buildSettings = {
				ALWAYS_SEARCH_USER_PATHS = NO;
				CLANG_ANALYZER_NONNULL = YES;
				CLANG_CXX_LANGUAGE_STANDARD = "gnu++0x";
				CLANG_CXX_LIBRARY = "libc++";
				CLANG_ENABLE_MODULES = YES;
				CLANG_ENABLE_OBJC_ARC = YES;
				CLANG_WARN_BOOL_CONVERSION = YES;
				CLANG_WARN_CONSTANT_CONVERSION = YES;
				CLANG_WARN_DIRECT_OBJC_ISA_USAGE = YES_ERROR;
				CLANG_WARN_DOCUMENTATION_COMMENTS = YES;
				CLANG_WARN_EMPTY_BODY = YES;
				CLANG_WARN_ENUM_CONVERSION = YES;
				CLANG_WARN_INFINITE_RECURSION = YES;
				CLANG_WARN_INT_CONVERSION = YES;
				CLANG_WARN_OBJC_ROOT_CLASS = YES_ERROR;
				CLANG_WARN_SUSPICIOUS_MOVE = YES;
				CLANG_WARN_UNREACHABLE_CODE = YES;
				CLANG_WARN__DUPLICATE_METHOD_MATCH = YES;
				"CODE_SIGN_IDENTITY[sdk=iphoneos*]" = "iPhone Developer";
				COPY_PHASE_STRIP = NO;
				DEBUG_INFORMATION_FORMAT = dwarf;
				ENABLE_STRICT_OBJC_MSGSEND = YES;
				ENABLE_TESTABILITY = YES;
				GCC_C_LANGUAGE_STANDARD = gnu99;
				GCC_DYNAMIC_NO_PIC = NO;
				GCC_NO_COMMON_BLOCKS = YES;
				GCC_OPTIMIZATION_LEVEL = 0;
				GCC_PREPROCESSOR_DEFINITIONS = (
					"DEBUG=1",
					"$(inherited)",
				);
				GCC_WARN_64_TO_32_BIT_CONVERSION = YES;
				GCC_WARN_ABOUT_RETURN_TYPE = YES_ERROR;
				GCC_WARN_UNDECLARED_SELECTOR = YES;
				GCC_WARN_UNINITIALIZED_AUTOS = YES_AGGRESSIVE;
				GCC_WARN_UNUSED_FUNCTION = YES;
				GCC_WARN_UNUSED_VARIABLE = YES;
				IPHONEOS_DEPLOYMENT_TARGET = 10.2;
				MTL_ENABLE_DEBUG_INFO = YES;
				ONLY_ACTIVE_ARCH = YES;
				SDKROOT = iphoneos;
				SWIFT_ACTIVE_COMPILATION_CONDITIONS = DEBUG;
				SWIFT_OPTIMIZATION_LEVEL = "-Onone";
			};
			name = Debug;
		};
		CEFD15D01EC105B500201728 /* Release */ = {
			isa = XCBuildConfiguration;
			buildSettings = {
				ALWAYS_SEARCH_USER_PATHS = NO;
				CLANG_ANALYZER_NONNULL = YES;
				CLANG_CXX_LANGUAGE_STANDARD = "gnu++0x";
				CLANG_CXX_LIBRARY = "libc++";
				CLANG_ENABLE_MODULES = YES;
				CLANG_ENABLE_OBJC_ARC = YES;
				CLANG_WARN_BOOL_CONVERSION = YES;
				CLANG_WARN_CONSTANT_CONVERSION = YES;
				CLANG_WARN_DIRECT_OBJC_ISA_USAGE = YES_ERROR;
				CLANG_WARN_DOCUMENTATION_COMMENTS = YES;
				CLANG_WARN_EMPTY_BODY = YES;
				CLANG_WARN_ENUM_CONVERSION = YES;
				CLANG_WARN_INFINITE_RECURSION = YES;
				CLANG_WARN_INT_CONVERSION = YES;
				CLANG_WARN_OBJC_ROOT_CLASS = YES_ERROR;
				CLANG_WARN_SUSPICIOUS_MOVE = YES;
				CLANG_WARN_UNREACHABLE_CODE = YES;
				CLANG_WARN__DUPLICATE_METHOD_MATCH = YES;
				"CODE_SIGN_IDENTITY[sdk=iphoneos*]" = "iPhone Developer";
				COPY_PHASE_STRIP = NO;
				DEBUG_INFORMATION_FORMAT = "dwarf-with-dsym";
				ENABLE_NS_ASSERTIONS = NO;
				ENABLE_STRICT_OBJC_MSGSEND = YES;
				GCC_C_LANGUAGE_STANDARD = gnu99;
				GCC_NO_COMMON_BLOCKS = YES;
				GCC_WARN_64_TO_32_BIT_CONVERSION = YES;
				GCC_WARN_ABOUT_RETURN_TYPE = YES_ERROR;
				GCC_WARN_UNDECLARED_SELECTOR = YES;
				GCC_WARN_UNINITIALIZED_AUTOS = YES_AGGRESSIVE;
				GCC_WARN_UNUSED_FUNCTION = YES;
				GCC_WARN_UNUSED_VARIABLE = YES;
				IPHONEOS_DEPLOYMENT_TARGET = 10.2;
				MTL_ENABLE_DEBUG_INFO = NO;
				SDKROOT = iphoneos;
				SWIFT_OPTIMIZATION_LEVEL = "-Owholemodule";
				VALIDATE_PRODUCT = YES;
			};
			name = Release;
		};
		CEFD15D21EC105B500201728 /* Debug */ = {
			isa = XCBuildConfiguration;
			buildSettings = {
				ASSETCATALOG_COMPILER_APPICON_NAME = AppIcon;
				DEVELOPMENT_TEAM = 28W3A7MES8;
				INFOPLIST_FILE = ProfileView/Info.plist;
				LD_RUNPATH_SEARCH_PATHS = "$(inherited) @executable_path/Frameworks";
				PRODUCT_BUNDLE_IDENTIFIER = myapp.ProfileView;
				PRODUCT_NAME = "$(TARGET_NAME)";
				SWIFT_VERSION = 3.0;
			};
			name = Debug;
		};
		CEFD15D31EC105B500201728 /* Release */ = {
			isa = XCBuildConfiguration;
			buildSettings = {
				ASSETCATALOG_COMPILER_APPICON_NAME = AppIcon;
				DEVELOPMENT_TEAM = 28W3A7MES8;
				INFOPLIST_FILE = ProfileView/Info.plist;
				LD_RUNPATH_SEARCH_PATHS = "$(inherited) @executable_path/Frameworks";
				PRODUCT_BUNDLE_IDENTIFIER = myapp.ProfileView;
				PRODUCT_NAME = "$(TARGET_NAME)";
				SWIFT_VERSION = 3.0;
			};
			name = Release;
		};
/* End XCBuildConfiguration section */

/* Begin XCConfigurationList section */
		CEFD15BA1EC105B400201728 /* Build configuration list for PBXProject "ProfileView" */ = {
			isa = XCConfigurationList;
			buildConfigurations = (
				CEFD15CF1EC105B500201728 /* Debug */,
				CEFD15D01EC105B500201728 /* Release */,
			);
			defaultConfigurationIsVisible = 0;
			defaultConfigurationName = Release;
		};
		CEFD15D11EC105B500201728 /* Build configuration list for PBXNativeTarget "ProfileView" */ = {
			isa = XCConfigurationList;
			buildConfigurations = (
				CEFD15D21EC105B500201728 /* Debug */,
				CEFD15D31EC105B500201728 /* Release */,
			);
			defaultConfigurationIsVisible = 0;
		};
/* End XCConfigurationList section */
	};
	rootObject = CEFD15B71EC105B400201728 /* Project object */;
}
